
Microsoft Visual Studio Solution File, Format Version 12.00
# Visual Studio Version 17
VisualStudioVersion = 17.10.34928.147
MinimumVisualStudioVersion = 10.0.40219.1
Project("{9A19103F-16F7-4668-BE54-9A1E7A4F7556}") = "Assignment-2-Calculator", "Assignment-2-Calculator\Assignment-2-Calculator.csproj", "{39065C16-75A4-4E58-ABB9-64162B24EBA7}"
EndProject
Project("{9A19103F-16F7-4668-BE54-9A1E7A4F7556}") = "Assignment-4-Palindrome", "Assignment-4-Palindrome\Assignment-4-Palindrome.csproj", "{C0958A8D-4CCB-4144-B48B-3AFB7603DA92}"
EndProject
Project("{9A19103F-16F7-4668-BE54-9A1E7A4F7556}") = "Assignment-3-Temperature", "Assignment-3-Temperature\Assignment-3-Temperature.csproj", "{1B5CBD42-C78D-4129-A425-3B5E7E25B96C}"
EndProject
Project("{9A19103F-16F7-4668-BE54-9A1E7A4F7556}") = "Assignment-1-Odd-Even", "Assignment-1-Odd-Even\Assignment-1-Odd-Even.csproj", "{9421EB90-E525-4414-B4ED-4889E85232AF}"
EndProject
Project("{9A19103F-16F7-4668-BE54-9A1E7A4F7556}") = "Assignment-5-Finally", "Assignment-5-Finally\Assignment-5-Finally.csproj", "{1F913D8F-5A7E-4B07-A898-1C69026B4B37}"
EndProject
Project("{9A19103F-16F7-4668-BE54-9A1E7A4F7556}") = "ProductManagementSystem", "ProductManagementSystem\ProductManagementSystem.csproj", "{EE8EAE93-7ACA-4B87-94FA-C9FC5885A15E}"
EndProject
Project("{9A19103F-16F7-4668-BE54-9A1E7A4F7556}") = "ProductManagementSystemAdvance", "ProductManagementSystemAdvance\ProductManagementSystemAdvance.csproj", "{E7211633-DD1C-4535-9324-9C638E9A4883}"
EndProject
Project("{FAE04EC0-301F-11D3-BF4B-00C04F79EFBC}") = "MobileManagementSystem", "MobileManagementSystem\MobileManagementSystem.csproj", "{32150F6A-FE2F-4F26-AA6D-E470E42AD1DC}"
EndProject
Global
	GlobalSection(SolutionConfigurationPlatforms) = preSolution
		Debug|Any CPU = Debug|Any CPU
		Release|Any CPU = Release|Any CPU
	EndGlobalSection
	GlobalSection(ProjectConfigurationPlatforms) = postSolution
		{39065C16-75A4-4E58-ABB9-64162B24EBA7}.Debug|Any CPU.ActiveCfg = Debug|Any CPU
		{39065C16-75A4-4E58-ABB9-64162B24EBA7}.Debug|Any CPU.Build.0 = Debug|Any CPU
		{39065C16-75A4-4E58-ABB9-64162B24EBA7}.Release|Any CPU.ActiveCfg = Release|Any CPU
		{39065C16-75A4-4E58-ABB9-64162B24EBA7}.Release|Any CPU.Build.0 = Release|Any CPU
		{C0958A8D-4CCB-4144-B48B-3AFB7603DA92}.Debug|Any CPU.ActiveCfg = Debug|Any CPU
		{C0958A8D-4CCB-4144-B48B-3AFB7603DA92}.Debug|Any CPU.Build.0 = Debug|Any CPU
		{C0958A8D-4CCB-4144-B48B-3AFB7603DA92}.Release|Any CPU.ActiveCfg = Release|Any CPU
		{C0958A8D-4CCB-4144-B48B-3AFB7603DA92}.Release|Any CPU.Build.0 = Release|Any CPU
		{1B5CBD42-C78D-4129-A425-3B5E7E25B96C}.Debug|Any CPU.ActiveCfg = Debug|Any CPU
		{1B5CBD42-C78D-4129-A425-3B5E7E25B96C}.Debug|Any CPU.Build.0 = Debug|Any CPU
		{1B5CBD42-C78D-4129-A425-3B5E7E25B96C}.Release|Any CPU.ActiveCfg = Release|Any CPU
		{1B5CBD42-C78D-4129-A425-3B5E7E25B96C}.Release|Any CPU.Build.0 = Release|Any CPU
		{9421EB90-E525-4414-B4ED-4889E85232AF}.Debug|Any CPU.ActiveCfg = Debug|Any CPU
		{9421EB90-E525-4414-B4ED-4889E85232AF}.Debug|Any CPU.Build.0 = Debug|Any CPU
		{9421EB90-E525-4414-B4ED-4889E85232AF}.Release|Any CPU.ActiveCfg = Release|Any CPU
		{9421EB90-E525-4414-B4ED-4889E85232AF}.Release|Any CPU.Build.0 = Release|Any CPU
		{1F913D8F-5A7E-4B07-A898-1C69026B4B37}.Debug|Any CPU.ActiveCfg = Debug|Any CPU
		{1F913D8F-5A7E-4B07-A898-1C69026B4B37}.Debug|Any CPU.Build.0 = Debug|Any CPU
		{1F913D8F-5A7E-4B07-A898-1C69026B4B37}.Release|Any CPU.ActiveCfg = Release|Any CPU
		{1F913D8F-5A7E-4B07-A898-1C69026B4B37}.Release|Any CPU.Build.0 = Release|Any CPU
		{EE8EAE93-7ACA-4B87-94FA-C9FC5885A15E}.Debug|Any CPU.ActiveCfg = Debug|Any CPU
		{EE8EAE93-7ACA-4B87-94FA-C9FC5885A15E}.Debug|Any CPU.Build.0 = Debug|Any CPU
		{EE8EAE93-7ACA-4B87-94FA-C9FC5885A15E}.Release|Any CPU.ActiveCfg = Release|Any CPU
		{EE8EAE93-7ACA-4B87-94FA-C9FC5885A15E}.Release|Any CPU.Build.0 = Release|Any CPU
		{E7211633-DD1C-4535-9324-9C638E9A4883}.Debug|Any CPU.ActiveCfg = Debug|Any CPU
		{E7211633-DD1C-4535-9324-9C638E9A4883}.Debug|Any CPU.Build.0 = Debug|Any CPU
		{E7211633-DD1C-4535-9324-9C638E9A4883}.Release|Any CPU.ActiveCfg = Release|Any CPU
		{E7211633-DD1C-4535-9324-9C638E9A4883}.Release|Any CPU.Build.0 = Release|Any CPU
		{32150F6A-FE2F-4F26-AA6D-E470E42AD1DC}.Debug|Any CPU.ActiveCfg = Debug|Any CPU
		{32150F6A-FE2F-4F26-AA6D-E470E42AD1DC}.Debug|Any CPU.Build.0 = Debug|Any CPU
		{32150F6A-FE2F-4F26-AA6D-E470E42AD1DC}.Release|Any CPU.ActiveCfg = Release|Any CPU
		{32150F6A-FE2F-4F26-AA6D-E470E42AD1DC}.Release|Any CPU.Build.0 = Release|Any CPU
	EndGlobalSection
	GlobalSection(SolutionProperties) = preSolution
		HideSolutionNode = FALSE
	EndGlobalSection
	GlobalSection(ExtensibilityGlobals) = postSolution
		SolutionGuid = {4E642ED2-9B74-4DE2-BD20-25EC14FBC72A}
	EndGlobalSection
EndGlobal
